// !$*UTF8*$!
{
	archiveVersion = 1;
	classes = {
	};
	objectVersion = 77;
	objects = {

/* Begin PBXContainerItemProxy section */
		8C0CC6182D25FBD8007F0660 /* PBXContainerItemProxy */ = {
			isa = PBXContainerItemProxy;
			containerPortal = 8C0CC5FE2D25FBD6007F0660 /* Project object */;
			proxyType = 1;
			remoteGlobalIDString = 8C0CC6052D25FBD6007F0660;
			remoteInfo = "Maybe F2";
		};
		8C0CC6222D25FBD8007F0660 /* PBXContainerItemProxy */ = {
			isa = PBXContainerItemProxy;
			containerPortal = 8C0CC5FE2D25FBD6007F0660 /* Project object */;
			proxyType = 1;
			remoteGlobalIDString = 8C0CC6052D25FBD6007F0660;
			remoteInfo = "Maybe F2";
		};
/* End PBXContainerItemProxy section */

/* Begin PBXFileReference section */
		8C0CC6062D25FBD6007F0660 /* Maybe F2.app */ = {isa = PBXFileReference; explicitFileType = wrapper.application; includeInIndex = 0; path = "Maybe F2.app"; sourceTree = BUILT_PRODUCTS_DIR; };
		8C0CC6172D25FBD8007F0660 /* Maybe F2Tests.xctest */ = {isa = PBXFileReference; explicitFileType = wrapper.cfbundle; includeInIndex = 0; path = "Maybe F2Tests.xctest"; sourceTree = BUILT_PRODUCTS_DIR; };
		8C0CC6212D25FBD8007F0660 /* Maybe F2UITests.xctest */ = {isa = PBXFileReference; explicitFileType = wrapper.cfbundle; includeInIndex = 0; path = "Maybe F2UITests.xctest"; sourceTree = BUILT_PRODUCTS_DIR; };
/* End PBXFileReference section */

/* Begin PBXFileSystemSynchronizedRootGroup section */
		8C0CC6082D25FBD6007F0660 /* Maybe F2 */ = {
			isa = PBXFileSystemSynchronizedRootGroup;
			path = "Maybe F2";
			sourceTree = "<group>";
		};
		8C0CC61A2D25FBD8007F0660 /* Maybe F2Tests */ = {
			isa = PBXFileSystemSynchronizedRootGroup;
			path = "Maybe F2Tests";
			sourceTree = "<group>";
		};
		8C0CC6242D25FBD8007F0660 /* Maybe F2UITests */ = {
			isa = PBXFileSystemSynchronizedRootGroup;
			path = "Maybe F2UITests";
			sourceTree = "<group>";
		};
/* End PBXFileSystemSynchronizedRootGroup section */

/* Begin PBXFrameworksBuildPhase section */
		8C0CC6032D25FBD6007F0660 /* Frameworks */ = {
			isa = PBXFrameworksBuildPhase;
			buildActionMask = 2147483647;
			files = (
			);
			runOnlyForDeploymentPostprocessing = 0;
		};
		8C0CC6142D25FBD8007F0660 /* Frameworks */ = {
			isa = PBXFrameworksBuildPhase;
			buildActionMask = 2147483647;
			files = (
			);
			runOnlyForDeploymentPostprocessing = 0;
		};
		8C0CC61E2D25FBD8007F0660 /* Frameworks */ = {
			isa = PBXFrameworksBuildPhase;
			buildActionMask = 2147483647;
			files = (
			);
			runOnlyForDeploymentPostprocessing = 0;
		};
/* End PBXFrameworksBuildPhase section */

/* Begin PBXGroup section */
		8C0CC5FD2D25FBD6007F0660 = {
			isa = PBXGroup;
			children = (
				8C0CC6082D25FBD6007F0660 /* Maybe F2 */,
				8C0CC61A2D25FBD8007F0660 /* Maybe F2Tests */,
				8C0CC6242D25FBD8007F0660 /* Maybe F2UITests */,
				8C0CC6072D25FBD6007F0660 /* Products */,
			);
			sourceTree = "<group>";
		};
		8C0CC6072D25FBD6007F0660 /* Products */ = {
			isa = PBXGroup;
			children = (
				8C0CC6062D25FBD6007F0660 /* Maybe F2.app */,
				8C0CC6172D25FBD8007F0660 /* Maybe F2Tests.xctest */,
				8C0CC6212D25FBD8007F0660 /* Maybe F2UITests.xctest */,
			);
			name = Products;
			sourceTree = "<group>";
		};
/* End PBXGroup section */

/* Begin PBXNativeTarget section */
		8C0CC6052D25FBD6007F0660 /* Maybe F2 */ = {
			isa = PBXNativeTarget;
			buildConfigurationList = 8C0CC62B2D25FBD8007F0660 /* Build configuration list for PBXNativeTarget "Maybe F2" */;
			buildPhases = (
				8C0CC6022D25FBD6007F0660 /* Sources */,
				8C0CC6032D25FBD6007F0660 /* Frameworks */,
				8C0CC6042D25FBD6007F0660 /* Resources */,
			);
			buildRules = (
			);
			dependencies = (
			);
			fileSystemSynchronizedGroups = (
				8C0CC6082D25FBD6007F0660 /* Maybe F2 */,
			);
			name = "Maybe F2";
			packageProductDependencies = (
			);
			productName = "Maybe F2";
			productReference = 8C0CC6062D25FBD6007F0660 /* Maybe F2.app */;
			productType = "com.apple.product-type.application";
		};
		8C0CC6162D25FBD8007F0660 /* Maybe F2Tests */ = {
			isa = PBXNativeTarget;
			buildConfigurationList = 8C0CC62E2D25FBD8007F0660 /* Build configuration list for PBXNativeTarget "Maybe F2Tests" */;
			buildPhases = (
				8C0CC6132D25FBD8007F0660 /* Sources */,
				8C0CC6142D25FBD8007F0660 /* Frameworks */,
				8C0CC6152D25FBD8007F0660 /* Resources */,
			);
			buildRules = (
			);
			dependencies = (
				8C0CC6192D25FBD8007F0660 /* PBXTargetDependency */,
			);
			fileSystemSynchronizedGroups = (
				8C0CC61A2D25FBD8007F0660 /* Maybe F2Tests */,
			);
			name = "Maybe F2Tests";
			packageProductDependencies = (
			);
			productName = "Maybe F2Tests";
			productReference = 8C0CC6172D25FBD8007F0660 /* Maybe F2Tests.xctest */;
			productType = "com.apple.product-type.bundle.unit-test";
		};
		8C0CC6202D25FBD8007F0660 /* Maybe F2UITests */ = {
			isa = PBXNativeTarget;
			buildConfigurationList = 8C0CC6312D25FBD8007F0660 /* Build configuration list for PBXNativeTarget "Maybe F2UITests" */;
			buildPhases = (
				8C0CC61D2D25FBD8007F0660 /* Sources */,
				8C0CC61E2D25FBD8007F0660 /* Frameworks */,
				8C0CC61F2D25FBD8007F0660 /* Resources */,
			);
			buildRules = (
			);
			dependencies = (
				8C0CC6232D25FBD8007F0660 /* PBXTargetDependency */,
			);
			fileSystemSynchronizedGroups = (
				8C0CC6242D25FBD8007F0660 /* Maybe F2UITests */,
			);
			name = "Maybe F2UITests";
			packageProductDependencies = (
			);
			productName = "Maybe F2UITests";
			productReference = 8C0CC6212D25FBD8007F0660 /* Maybe F2UITests.xctest */;
			productType = "com.apple.product-type.bundle.ui-testing";
		};
/* End PBXNativeTarget section */

/* Begin PBXProject section */
		8C0CC5FE2D25FBD6007F0660 /* Project object */ = {
			isa = PBXProject;
			attributes = {
				BuildIndependentTargetsInParallel = 1;
				LastSwiftUpdateCheck = 1620;
				LastUpgradeCheck = 1620;
				TargetAttributes = {
					8C0CC6052D25FBD6007F0660 = {
						CreatedOnToolsVersion = 16.2;
					};
					8C0CC6162D25FBD8007F0660 = {
						CreatedOnToolsVersion = 16.2;
						TestTargetID = 8C0CC6052D25FBD6007F0660;
					};
					8C0CC6202D25FBD8007F0660 = {
						CreatedOnToolsVersion = 16.2;
						TestTargetID = 8C0CC6052D25FBD6007F0660;
					};
				};
			};
			buildConfigurationList = 8C0CC6012D25FBD6007F0660 /* Build configuration list for PBXProject "Maybe F2" */;
			developmentRegion = en;
			hasScannedForEncodings = 0;
			knownRegions = (
				en,
				Base,
			);
			mainGroup = 8C0CC5FD2D25FBD6007F0660;
			minimizedProjectReferenceProxies = 1;
			preferredProjectObjectVersion = 77;
			productRefGroup = 8C0CC6072D25FBD6007F0660 /* Products */;
			projectDirPath = "";
			projectRoot = "";
			targets = (
				8C0CC6052D25FBD6007F0660 /* Maybe F2 */,
				8C0CC6162D25FBD8007F0660 /* Maybe F2Tests */,
				8C0CC6202D25FBD8007F0660 /* Maybe F2UITests */,
			);
		};
/* End PBXProject section */

/* Begin PBXResourcesBuildPhase section */
		8C0CC6042D25FBD6007F0660 /* Resources */ = {
			isa = PBXResourcesBuildPhase;
			buildActionMask = 2147483647;
			files = (
			);
			runOnlyForDeploymentPostprocessing = 0;
		};
		8C0CC6152D25FBD8007F0660 /* Resources */ = {
			isa = PBXResourcesBuildPhase;
			buildActionMask = 2147483647;
			files = (
			);
			runOnlyForDeploymentPostprocessing = 0;
		};
		8C0CC61F2D25FBD8007F0660 /* Resources */ = {
			isa = PBXResourcesBuildPhase;
			buildActionMask = 2147483647;
			files = (
			);
			runOnlyForDeploymentPostprocessing = 0;
		};
/* End PBXResourcesBuildPhase section */

/* Begin PBXSourcesBuildPhase section */
		8C0CC6022D25FBD6007F0660 /* Sources */ = {
			isa = PBXSourcesBuildPhase;
			buildActionMask = 2147483647;
			files = (
			);
			runOnlyForDeploymentPostprocessing = 0;
		};
		8C0CC6132D25FBD8007F0660 /* Sources */ = {
			isa = PBXSourcesBuildPhase;
			buildActionMask = 2147483647;
			files = (
			);
			runOnlyForDeploymentPostprocessing = 0;
		};
		8C0CC61D2D25FBD8007F0660 /* Sources */ = {
			isa = PBXSourcesBuildPhase;
			buildActionMask = 2147483647;
			files = (
			);
			runOnlyForDeploymentPostprocessing = 0;
		};
/* End PBXSourcesBuildPhase section */

/* Begin PBXTargetDependency section */
		8C0CC6192D25FBD8007F0660 /* PBXTargetDependency */ = {
			isa = PBXTargetDependency;
			target = 8C0CC6052D25FBD6007F0660 /* Maybe F2 */;
			targetProxy = 8C0CC6182D25FBD8007F0660 /* PBXContainerItemProxy */;
		};
		8C0CC6232D25FBD8007F0660 /* PBXTargetDependency */ = {
			isa = PBXTargetDependency;
			target = 8C0CC6052D25FBD6007F0660 /* Maybe F2 */;
			targetProxy = 8C0CC6222D25FBD8007F0660 /* PBXContainerItemProxy */;
		};
/* End PBXTargetDependency section */

/* Begin XCBuildConfiguration section */
		8C0CC6292D25FBD8007F0660 /* Debug */ = {
			isa = XCBuildConfiguration;
			buildSettings = {
				ALWAYS_SEARCH_USER_PATHS = NO;
				ASSETCATALOG_COMPILER_GENERATE_SWIFT_ASSET_SYMBOL_EXTENSIONS = YES;
				CLANG_ANALYZER_NONNULL = YES;
				CLANG_ANALYZER_NUMBER_OBJECT_CONVERSION = YES_AGGRESSIVE;
				CLANG_CXX_LANGUAGE_STANDARD = "gnu++20";
				CLANG_ENABLE_MODULES = YES;
				CLANG_ENABLE_OBJC_ARC = YES;
				CLANG_ENABLE_OBJC_WEAK = YES;
				CLANG_WARN_BLOCK_CAPTURE_AUTORELEASING = YES;
				CLANG_WARN_BOOL_CONVERSION = YES;
				CLANG_WARN_COMMA = YES;
				CLANG_WARN_CONSTANT_CONVERSION = YES;
				CLANG_WARN_DEPRECATED_OBJC_IMPLEMENTATIONS = YES;
				CLANG_WARN_DIRECT_OBJC_ISA_USAGE = YES_ERROR;
				CLANG_WARN_DOCUMENTATION_COMMENTS = YES;
				CLANG_WARN_EMPTY_BODY = YES;
				CLANG_WARN_ENUM_CONVERSION = YES;
				CLANG_WARN_INFINITE_RECURSION = YES;
				CLANG_WARN_INT_CONVERSION = YES;
				CLANG_WARN_NON_LITERAL_NULL_CONVERSION = YES;
				CLANG_WARN_OBJC_IMPLICIT_RETAIN_SELF = YES;
				CLANG_WARN_OBJC_LITERAL_CONVERSION = YES;
				CLANG_WARN_OBJC_ROOT_CLASS = YES_ERROR;
				CLANG_WARN_QUOTED_INCLUDE_IN_FRAMEWORK_HEADER = YES;
				CLANG_WARN_RANGE_LOOP_ANALYSIS = YES;
				CLANG_WARN_STRICT_PROTOTYPES = YES;
				CLANG_WARN_SUSPICIOUS_MOVE = YES;
				CLANG_WARN_UNGUARDED_AVAILABILITY = YES_AGGRESSIVE;
				CLANG_WARN_UNREACHABLE_CODE = YES;
				CLANG_WARN__DUPLICATE_METHOD_MATCH = YES;
				COPY_PHASE_STRIP = NO;
				DEBUG_INFORMATION_FORMAT = dwarf;
				ENABLE_STRICT_OBJC_MSGSEND = YES;
				ENABLE_TESTABILITY = YES;
				ENABLE_USER_SCRIPT_SANDBOXING = YES;
				GCC_C_LANGUAGE_STANDARD = gnu17;
				GCC_DYNAMIC_NO_PIC = NO;
				GCC_NO_COMMON_BLOCKS = YES;
				GCC_OPTIMIZATION_LEVEL = 0;
				GCC_PREPROCESSOR_DEFINITIONS = (
					"DEBUG=1",
					"$(inherited)",
				);
				GCC_WARN_64_TO_32_BIT_CONVERSION = YES;
				GCC_WARN_ABOUT_RETURN_TYPE = YES_ERROR;
				GCC_WARN_UNDECLARED_SELECTOR = YES;
				GCC_WARN_UNINITIALIZED_AUTOS = YES_AGGRESSIVE;
				GCC_WARN_UNUSED_FUNCTION = YES;
				GCC_WARN_UNUSED_VARIABLE = YES;
				LOCALIZATION_PREFERS_STRING_CATALOGS = YES;
				MACOSX_DEPLOYMENT_TARGET = 15.2;
				MTL_ENABLE_DEBUG_INFO = INCLUDE_SOURCE;
				MTL_FAST_MATH = YES;
				ONLY_ACTIVE_ARCH = YES;
				SDKROOT = macosx;
				SWIFT_ACTIVE_COMPILATION_CONDITIONS = "DEBUG $(inherited)";
				SWIFT_OPTIMIZATION_LEVEL = "-Onone";
			};
			name = Debug;
		};
		8C0CC62A2D25FBD8007F0660 /* Release */ = {
			isa = XCBuildConfiguration;
			buildSettings = {
				ALWAYS_SEARCH_USER_PATHS = NO;
				ASSETCATALOG_COMPILER_GENERATE_SWIFT_ASSET_SYMBOL_EXTENSIONS = YES;
				CLANG_ANALYZER_NONNULL = YES;
				CLANG_ANALYZER_NUMBER_OBJECT_CONVERSION = YES_AGGRESSIVE;
				CLANG_CXX_LANGUAGE_STANDARD = "gnu++20";
				CLANG_ENABLE_MODULES = YES;
				CLANG_ENABLE_OBJC_ARC = YES;
				CLANG_ENABLE_OBJC_WEAK = YES;
				CLANG_WARN_BLOCK_CAPTURE_AUTORELEASING = YES;
				CLANG_WARN_BOOL_CONVERSION = YES;
				CLANG_WARN_COMMA = YES;
				CLANG_WARN_CONSTANT_CONVERSION = YES;
				CLANG_WARN_DEPRECATED_OBJC_IMPLEMENTATIONS = YES;
				CLANG_WARN_DIRECT_OBJC_ISA_USAGE = YES_ERROR;
				CLANG_WARN_DOCUMENTATION_COMMENTS = YES;
				CLANG_WARN_EMPTY_BODY = YES;
				CLANG_WARN_ENUM_CONVERSION = YES;
				CLANG_WARN_INFINITE_RECURSION = YES;
				CLANG_WARN_INT_CONVERSION = YES;
				CLANG_WARN_NON_LITERAL_NULL_CONVERSION = YES;
				CLANG_WARN_OBJC_IMPLICIT_RETAIN_SELF = YES;
				CLANG_WARN_OBJC_LITERAL_CONVERSION = YES;
				CLANG_WARN_OBJC_ROOT_CLASS = YES_ERROR;
				CLANG_WARN_QUOTED_INCLUDE_IN_FRAMEWORK_HEADER = YES;
				CLANG_WARN_RANGE_LOOP_ANALYSIS = YES;
				CLANG_WARN_STRICT_PROTOTYPES = YES;
				CLANG_WARN_SUSPICIOUS_MOVE = YES;
				CLANG_WARN_UNGUARDED_AVAILABILITY = YES_AGGRESSIVE;
				CLANG_WARN_UNREACHABLE_CODE = YES;
				CLANG_WARN__DUPLICATE_METHOD_MATCH = YES;
				COPY_PHASE_STRIP = NO;
				DEBUG_INFORMATION_FORMAT = "dwarf-with-dsym";
				ENABLE_NS_ASSERTIONS = NO;
				ENABLE_STRICT_OBJC_MSGSEND = YES;
				ENABLE_USER_SCRIPT_SANDBOXING = YES;
				GCC_C_LANGUAGE_STANDARD = gnu17;
				GCC_NO_COMMON_BLOCKS = YES;
				GCC_WARN_64_TO_32_BIT_CONVERSION = YES;
				GCC_WARN_ABOUT_RETURN_TYPE = YES_ERROR;
				GCC_WARN_UNDECLARED_SELECTOR = YES;
				GCC_WARN_UNINITIALIZED_AUTOS = YES_AGGRESSIVE;
				GCC_WARN_UNUSED_FUNCTION = YES;
				GCC_WARN_UNUSED_VARIABLE = YES;
				LOCALIZATION_PREFERS_STRING_CATALOGS = YES;
				MACOSX_DEPLOYMENT_TARGET = 15.2;
				MTL_ENABLE_DEBUG_INFO = NO;
				MTL_FAST_MATH = YES;
				SDKROOT = macosx;
				SWIFT_COMPILATION_MODE = wholemodule;
			};
			name = Release;
		};
		8C0CC62C2D25FBD8007F0660 /* Debug */ = {
			isa = XCBuildConfiguration;
			buildSettings = {
				ASSETCATALOG_COMPILER_APPICON_NAME = AppIcon;
				ASSETCATALOG_COMPILER_GLOBAL_ACCENT_COLOR_NAME = AccentColor;
				CODE_SIGN_ENTITLEMENTS = "Maybe F2/Maybe_F2.entitlements";
				CODE_SIGN_STYLE = Automatic;
				COMBINE_HIDPI_IMAGES = YES;
				CURRENT_PROJECT_VERSION = 1;
				DEVELOPMENT_ASSET_PATHS = "\"Maybe F2/Preview Content\"";
				DEVELOPMENT_TEAM = D7MU27WR7M;
				ENABLE_HARDENED_RUNTIME = YES;
				ENABLE_PREVIEWS = YES;
				GENERATE_INFOPLIST_FILE = YES;
				INFOPLIST_KEY_NSHumanReadableCopyright = "";
				LD_RUNPATH_SEARCH_PATHS = (
					"$(inherited)",
					"@executable_path/../Frameworks",
				);
				MARKETING_VERSION = 1.0;
				PRODUCT_BUNDLE_IDENTIFIER = "com.zisa.Maybe-F2";
				PRODUCT_NAME = "$(TARGET_NAME)";
				SWIFT_EMIT_LOC_STRINGS = YES;
				SWIFT_VERSION = 5.0;
			};
			name = Debug;
		};
		8C0CC62D2D25FBD8007F0660 /* Release */ = {
			isa = XCBuildConfiguration;
			buildSettings = {
				ASSETCATALOG_COMPILER_APPICON_NAME = AppIcon;
				ASSETCATALOG_COMPILER_GLOBAL_ACCENT_COLOR_NAME = AccentColor;
				CODE_SIGN_ENTITLEMENTS = "Maybe F2/Maybe_F2.entitlements";
				CODE_SIGN_STYLE = Automatic;
				COMBINE_HIDPI_IMAGES = YES;
				CURRENT_PROJECT_VERSION = 1;
				DEVELOPMENT_ASSET_PATHS = "\"Maybe F2/Preview Content\"";
				DEVELOPMENT_TEAM = D7MU27WR7M;
				ENABLE_HARDENED_RUNTIME = YES;
				ENABLE_PREVIEWS = YES;
				GENERATE_INFOPLIST_FILE = YES;
				INFOPLIST_KEY_NSHumanReadableCopyright = "";
				LD_RUNPATH_SEARCH_PATHS = (
					"$(inherited)",
					"@executable_path/../Frameworks",
				);
				MARKETING_VERSION = 1.0;
				PRODUCT_BUNDLE_IDENTIFIER = "com.zisa.Maybe-F2";
				PRODUCT_NAME = "$(TARGET_NAME)";
				SWIFT_EMIT_LOC_STRINGS = YES;
				SWIFT_VERSION = 5.0;
			};
			name = Release;
		};
		8C0CC62F2D25FBD8007F0660 /* Debug */ = {
			isa = XCBuildConfiguration;
			buildSettings = {
				BUNDLE_LOADER = "$(TEST_HOST)";
				CODE_SIGN_STYLE = Automatic;
				CURRENT_PROJECT_VERSION = 1;
				DEVELOPMENT_TEAM = D7MU27WR7M;
				GENERATE_INFOPLIST_FILE = YES;
				MACOSX_DEPLOYMENT_TARGET = 15.2;
				MARKETING_VERSION = 1.0;
				PRODUCT_BUNDLE_IDENTIFIER = "com.zisa.Maybe-F2Tests";
				PRODUCT_NAME = "$(TARGET_NAME)";
				SWIFT_EMIT_LOC_STRINGS = NO;
				SWIFT_VERSION = 5.0;
				TEST_HOST = "$(BUILT_PRODUCTS_DIR)/Maybe F2.app/$(BUNDLE_EXECUTABLE_FOLDER_PATH)/Maybe F2";
			};
			name = Debug;
		};
		8C0CC6302D25FBD8007F0660 /* Release */ = {
			isa = XCBuildConfiguration;
			buildSettings = {
				BUNDLE_LOADER = "$(TEST_HOST)";
				CODE_SIGN_STYLE = Automatic;
				CURRENT_PROJECT_VERSION = 1;
				DEVELOPMENT_TEAM = D7MU27WR7M;
				GENERATE_INFOPLIST_FILE = YES;
				MACOSX_DEPLOYMENT_TARGET = 15.2;
				MARKETING_VERSION = 1.0;
				PRODUCT_BUNDLE_IDENTIFIER = "com.zisa.Maybe-F2Tests";
				PRODUCT_NAME = "$(TARGET_NAME)";
				SWIFT_EMIT_LOC_STRINGS = NO;
				SWIFT_VERSION = 5.0;
				TEST_HOST = "$(BUILT_PRODUCTS_DIR)/Maybe F2.app/$(BUNDLE_EXECUTABLE_FOLDER_PATH)/Maybe F2";
			};
			name = Release;
		};
		8C0CC6322D25FBD8007F0660 /* Debug */ = {
			isa = XCBuildConfiguration;
			buildSettings = {
				CODE_SIGN_STYLE = Automatic;
				CURRENT_PROJECT_VERSION = 1;
				DEVELOPMENT_TEAM = D7MU27WR7M;
				GENERATE_INFOPLIST_FILE = YES;
				MARKETING_VERSION = 1.0;
				PRODUCT_BUNDLE_IDENTIFIER = "com.zisa.Maybe-F2UITests";
				PRODUCT_NAME = "$(TARGET_NAME)";
				SWIFT_EMIT_LOC_STRINGS = NO;
				SWIFT_VERSION = 5.0;
				TEST_TARGET_NAME = "Maybe F2";
			};
			name = Debug;
		};
		8C0CC6332D25FBD8007F0660 /* Release */ = {
			isa = XCBuildConfiguration;
			buildSettings = {
				CODE_SIGN_STYLE = Automatic;
				CURRENT_PROJECT_VERSION = 1;
				DEVELOPMENT_TEAM = D7MU27WR7M;
				GENERATE_INFOPLIST_FILE = YES;
				MARKETING_VERSION = 1.0;
				PRODUCT_BUNDLE_IDENTIFIER = "com.zisa.Maybe-F2UITests";
				PRODUCT_NAME = "$(TARGET_NAME)";
				SWIFT_EMIT_LOC_STRINGS = NO;
				SWIFT_VERSION = 5.0;
				TEST_TARGET_NAME = "Maybe F2";
			};
			name = Release;
		};
/* End XCBuildConfiguration section */

/* Begin XCConfigurationList section */
		8C0CC6012D25FBD6007F0660 /* Build configuration list for PBXProject "Maybe F2" */ = {
			isa = XCConfigurationList;
			buildConfigurations = (
				8C0CC6292D25FBD8007F0660 /* Debug */,
				8C0CC62A2D25FBD8007F0660 /* Release */,
			);
			defaultConfigurationIsVisible = 0;
			defaultConfigurationName = Release;
		};
		8C0CC62B2D25FBD8007F0660 /* Build configuration list for PBXNativeTarget "Maybe F2" */ = {
			isa = XCConfigurationList;
			buildConfigurations = (
				8C0CC62C2D25FBD8007F0660 /* Debug */,
				8C0CC62D2D25FBD8007F0660 /* Release */,
			);
			defaultConfigurationIsVisible = 0;
			defaultConfigurationName = Release;
		};
		8C0CC62E2D25FBD8007F0660 /* Build configuration list for PBXNativeTarget "Maybe F2Tests" */ = {
			isa = XCConfigurationList;
			buildConfigurations = (
				8C0CC62F2D25FBD8007F0660 /* Debug */,
				8C0CC6302D25FBD8007F0660 /* Release */,
			);
			defaultConfigurationIsVisible = 0;
			defaultConfigurationName = Release;
		};
		8C0CC6312D25FBD8007F0660 /* Build configuration list for PBXNativeTarget "Maybe F2UITests" */ = {
			isa = XCConfigurationList;
			buildConfigurations = (
				8C0CC6322D25FBD8007F0660 /* Debug */,
				8C0CC6332D25FBD8007F0660 /* Release */,
			);
			defaultConfigurationIsVisible = 0;
			defaultConfigurationName = Release;
		};
/* End XCConfigurationList section */
	};
	rootObject = 8C0CC5FE2D25FBD6007F0660 /* Project object */;
}
